
Microsoft Visual Studio Solution File, Format Version 12.00
# Visual Studio 15
VisualStudioVersion = 15.0.27130.2003
MinimumVisualStudioVersion = 10.0.40219.1
Project("{FAE04EC0-301F-11D3-BF4B-00C04F79EFBC}") = "PROIECT_SCOALA", "PROIECT_SCOALA\PROIECT_SCOALA.csproj", "{AFE7C070-0A20-4A64-B70F-1C1F680C864C}"
EndProject
Global
	GlobalSection(SolutionConfigurationPlatforms) = preSolution
		Debug|Any CPU = Debug|Any CPU
		Release|Any CPU = Release|Any CPU
	EndGlobalSection
	GlobalSection(ProjectConfigurationPlatforms) = postSolution
		{AFE7C070-0A20-4A64-B70F-1C1F680C864C}.Debug|Any CPU.ActiveCfg = Debug|Any CPU
		{AFE7C070-0A20-4A64-B70F-1C1F680C864C}.Debug|Any CPU.Build.0 = Debug|Any CPU
		{AFE7C070-0A20-4A64-B70F-1C1F680C864C}.Release|Any CPU.ActiveCfg = Release|Any CPU
		{AFE7C070-0A20-4A64-B70F-1C1F680C864C}.Release|Any CPU.Build.0 = Release|Any CPU
	EndGlobalSection
	GlobalSection(SolutionProperties) = preSolution
		HideSolutionNode = FALSE
	EndGlobalSection
	GlobalSection(ExtensibilityGlobals) = postSolution
		SolutionGuid = {715F71DA-3D47-4757-8E2B-F7097D336371}
	EndGlobalSection
EndGlobal
